# @generated - this file is auto-generated by `mise lock` https://mise.jdx.dev/dev-tools/mise-lock.html

[[tools."github:corca-ai/nose"]]
version = "0.20.0"
backend = "github:corca-ai/nose"

[tools."github:corca-ai/nose"."platforms.linux-arm64"]
checksum = "sha256:d98f95398655bdcadfd849c71088361358058b660d7f702b5ac8bd12db205454"
url = "https://github.com/corca-ai/nose/releases/download/v0.20.0/nose-cli-aarch64-unknown-linux-gnu.tar.xz"
url_api = "https://api.github.com/repos/corca-ai/nose/releases/assets/486230769"

[tools."github:corca-ai/nose"."platforms.linux-arm64-musl"]
checksum = "sha256:d98f95398655bdcadfd849c71088361358058b660d7f702b5ac8bd12db205454"
url = "https://github.com/corca-ai/nose/releases/download/v0.20.0/nose-cli-aarch64-unknown-linux-gnu.tar.xz"
url_api = "https://api.github.com/repos/corca-ai/nose/releases/assets/486230769"

[tools."github:corca-ai/nose"."platforms.linux-x64"]
checksum = "sha256:ae28f5fdd845570c1e9d4d2b2149d25c80952bea0a5ddbe9396b28880c1f4717"
url = "https://github.com/corca-ai/nose/releases/download/v0.20.0/nose-cli-x86_64-unknown-linux-gnu.tar.xz"
url_api = "https://api.github.com/repos/corca-ai/nose/releases/assets/486230797"

[tools."github:corca-ai/nose"."platforms.linux-x64-musl"]
checksum = "sha256:ae28f5fdd845570c1e9d4d2b2149d25c80952bea0a5ddbe9396b28880c1f4717"
url = "https://github.com/corca-ai/nose/releases/download/v0.20.0/nose-cli-x86_64-unknown-linux-gnu.tar.xz"
url_api = "https://api.github.com/repos/corca-ai/nose/releases/assets/486230797"

[tools."github:corca-ai/nose"."platforms.macos-arm64"]
checksum = "sha256:c737cb0e571f1a9b91020d7610443b8d3c885a552f690375315d1ce29330e6a5"
url = "https://github.com/corca-ai/nose/releases/download/v0.20.0/nose-cli-aarch64-apple-darwin.tar.xz"
url_api = "https://api.github.com/repos/corca-ai/nose/releases/assets/486230771"

[tools."github:corca-ai/nose"."platforms.macos-x64"]
checksum = "sha256:a2fd52a09dcfdb1ae84cada859d4b5a824af8e8dd93a37809ff1c61336134505"
url = "https://github.com/corca-ai/nose/releases/download/v0.20.0/nose-cli-x86_64-apple-darwin.tar.xz"
url_api = "https://api.github.com/repos/corca-ai/nose/releases/assets/486230790"

[tools."github:corca-ai/nose"."platforms.windows-x64"]
checksum = "sha256:c75d89c9a1ce9fd98debec2d73cd2e93d471864334b652fee465efe36fe3d9a1"
url = "https://github.com/corca-ai/nose/releases/download/v0.20.0/source.tar.gz"
url_api = "https://api.github.com/repos/corca-ai/nose/releases/assets/486230817"

[[tools.rust]]
version = "1.97.0"
backend = "asdf:rust"
